
Microsoft Visual Studio Solution File, Format Version 12.00
# Visual Studio Version 17
VisualStudioVersion = 17.7.34031.279
MinimumVisualStudioVersion = 10.0.40219.1
Project("{FAE04EC0-301F-11D3-BF4B-00C04F79EFBC}") = "De02", "De02\De02.csproj", "{807454B2-5941-43F8-9A8B-186F83BEBF7C}"
EndProject
Project("{FAE04EC0-301F-11D3-BF4B-00C04F79EFBC}") = "DAL", "DAL\DAL.csproj", "{A557FB5B-6AD5-443C-A4E5-8C941C2470C1}"
EndProject
Project("{FAE04EC0-301F-11D3-BF4B-00C04F79EFBC}") = "BUS", "BUS\BUS.csproj", "{62CD7B14-9C91-4DE1-9B84-BDD9E9CBEDD3}"
EndProject
Global
	GlobalSection(SolutionConfigurationPlatforms) = preSolution
		Debug|Any CPU = Debug|Any CPU
		Release|Any CPU = Release|Any CPU
	EndGlobalSection
	GlobalSection(ProjectConfigurationPlatforms) = postSolution
		{807454B2-5941-43F8-9A8B-186F83BEBF7C}.Debug|Any CPU.ActiveCfg = Debug|Any CPU
		{807454B2-5941-43F8-9A8B-186F83BEBF7C}.Debug|Any CPU.Build.0 = Debug|Any CPU
		{807454B2-5941-43F8-9A8B-186F83BEBF7C}.Release|Any CPU.ActiveCfg = Release|Any CPU
		{807454B2-5941-43F8-9A8B-186F83BEBF7C}.Release|Any CPU.Build.0 = Release|Any CPU
		{A557FB5B-6AD5-443C-A4E5-8C941C2470C1}.Debug|Any CPU.ActiveCfg = Debug|Any CPU
		{A557FB5B-6AD5-443C-A4E5-8C941C2470C1}.Debug|Any CPU.Build.0 = Debug|Any CPU
		{A557FB5B-6AD5-443C-A4E5-8C941C2470C1}.Release|Any CPU.ActiveCfg = Release|Any CPU
		{A557FB5B-6AD5-443C-A4E5-8C941C2470C1}.Release|Any CPU.Build.0 = Release|Any CPU
		{62CD7B14-9C91-4DE1-9B84-BDD9E9CBEDD3}.Debug|Any CPU.ActiveCfg = Debug|Any CPU
		{62CD7B14-9C91-4DE1-9B84-BDD9E9CBEDD3}.Debug|Any CPU.Build.0 = Debug|Any CPU
		{62CD7B14-9C91-4DE1-9B84-BDD9E9CBEDD3}.Release|Any CPU.ActiveCfg = Release|Any CPU
		{62CD7B14-9C91-4DE1-9B84-BDD9E9CBEDD3}.Release|Any CPU.Build.0 = Release|Any CPU
	EndGlobalSection
	GlobalSection(SolutionProperties) = preSolution
		HideSolutionNode = FALSE
	EndGlobalSection
	GlobalSection(ExtensibilityGlobals) = postSolution
		SolutionGuid = {3B19CA75-ACDD-43D2-BF73-B7EA022E60E2}
	EndGlobalSection
EndGlobal
